
Microsoft Visual Studio Solution File, Format Version 12.00
# Visual Studio 14
VisualStudioVersion = 14.0.25420.1
MinimumVisualStudioVersion = 10.0.40219.1
Project("{FAE04EC0-301F-11D3-BF4B-00C04F79EFBC}") = "CashMachine", "CashMachine\CashMachine.csproj", "{81494E70-FDCA-4D79-B6B2-1EF287B36706}"
EndProject
Project("{FAE04EC0-301F-11D3-BF4B-00C04F79EFBC}") = "CashMachine.Tests", "CashMachine.Tests\CashMachine.Tests.csproj", "{DD759BA9-306E-4171-BD9B-ABC0CD113567}"
EndProject
Project("{FAE04EC0-301F-11D3-BF4B-00C04F79EFBC}") = "CashMachine.Model", "CashMachine.Model\CashMachine.Model.csproj", "{2D92E668-1A30-4BCF-9190-7A0980F807BB}"
EndProject
Project("{FAE04EC0-301F-11D3-BF4B-00C04F79EFBC}") = "CashMachine.BusinessLayer", "CashMachine.BusinessLayer\CashMachine.BusinessLayer.csproj", "{0E4B514B-478D-4375-98A4-ADB09D9852D5}"
EndProject
Global
	GlobalSection(SolutionConfigurationPlatforms) = preSolution
		Debug|Any CPU = Debug|Any CPU
		Release|Any CPU = Release|Any CPU
	EndGlobalSection
	GlobalSection(ProjectConfigurationPlatforms) = postSolution
		{81494E70-FDCA-4D79-B6B2-1EF287B36706}.Debug|Any CPU.ActiveCfg = Debug|Any CPU
		{81494E70-FDCA-4D79-B6B2-1EF287B36706}.Debug|Any CPU.Build.0 = Debug|Any CPU
		{81494E70-FDCA-4D79-B6B2-1EF287B36706}.Release|Any CPU.ActiveCfg = Release|Any CPU
		{81494E70-FDCA-4D79-B6B2-1EF287B36706}.Release|Any CPU.Build.0 = Release|Any CPU
		{DD759BA9-306E-4171-BD9B-ABC0CD113567}.Debug|Any CPU.ActiveCfg = Debug|Any CPU
		{DD759BA9-306E-4171-BD9B-ABC0CD113567}.Debug|Any CPU.Build.0 = Debug|Any CPU
		{DD759BA9-306E-4171-BD9B-ABC0CD113567}.Release|Any CPU.ActiveCfg = Release|Any CPU
		{DD759BA9-306E-4171-BD9B-ABC0CD113567}.Release|Any CPU.Build.0 = Release|Any CPU
		{2D92E668-1A30-4BCF-9190-7A0980F807BB}.Debug|Any CPU.ActiveCfg = Debug|Any CPU
		{2D92E668-1A30-4BCF-9190-7A0980F807BB}.Debug|Any CPU.Build.0 = Debug|Any CPU
		{2D92E668-1A30-4BCF-9190-7A0980F807BB}.Release|Any CPU.ActiveCfg = Release|Any CPU
		{2D92E668-1A30-4BCF-9190-7A0980F807BB}.Release|Any CPU.Build.0 = Release|Any CPU
		{0E4B514B-478D-4375-98A4-ADB09D9852D5}.Debug|Any CPU.ActiveCfg = Debug|Any CPU
		{0E4B514B-478D-4375-98A4-ADB09D9852D5}.Debug|Any CPU.Build.0 = Debug|Any CPU
		{0E4B514B-478D-4375-98A4-ADB09D9852D5}.Release|Any CPU.ActiveCfg = Release|Any CPU
		{0E4B514B-478D-4375-98A4-ADB09D9852D5}.Release|Any CPU.Build.0 = Release|Any CPU
	EndGlobalSection
	GlobalSection(SolutionProperties) = preSolution
		HideSolutionNode = FALSE
	EndGlobalSection
EndGlobal
